
Microsoft Visual Studio Solution File, Format Version 12.00
# Visual Studio Version 17
VisualStudioVersion = 17.6.33801.468
MinimumVisualStudioVersion = 10.0.40219.1
Project("{9A19103F-16F7-4668-BE54-9A1E7A4F7556}") = "Fabula.Core", "Fabula.Core\Fabula.Core.csproj", "{6BB6C7ED-D1CA-4364-97A3-20DEC398A96F}"
EndProject
Project("{9A19103F-16F7-4668-BE54-9A1E7A4F7556}") = "Fabula.Common", "Fabula.Common\Fabula.Common.csproj", "{6EFCFB39-18C4-4B41-8A77-ACC2FF0CD74A}"
EndProject
Project("{9A19103F-16F7-4668-BE54-9A1E7A4F7556}") = "Fabula.Data", "Fabula.Data\Fabula.Data.csproj", "{7FF6C4FD-2705-4471-8E8E-3D1A0672C15E}"
EndProject
Project("{2150E333-8FDC-42A3-9474-1A3956D46DE8}") = "Web", "Web", "{610A9A68-CCCA-42D6-8D59-60B3B5E44278}"
EndProject
Project("{2150E333-8FDC-42A3-9474-1A3956D46DE8}") = "Data", "Data", "{6E0695D6-C3F6-4256-92C2-C9661B2433C5}"
EndProject
Project("{9A19103F-16F7-4668-BE54-9A1E7A4F7556}") = "Fabula.Web.ViewModels", "Fabula.Web.ViewModels\Fabula.Web.ViewModels.csproj", "{6ADA723F-0270-40E7-B5C5-29FEB6BF87F5}"
EndProject
Project("{9A19103F-16F7-4668-BE54-9A1E7A4F7556}") = "Fabula.Web.Infrastructure", "Fabula.Web.Infrastructure\Fabula.Web.Infrastructure.csproj", "{1A093EF5-B342-42B8-9CC1-44900204F697}"
EndProject
Project("{9A19103F-16F7-4668-BE54-9A1E7A4F7556}") = "Fabula.Web", "Fabula.Web\Fabula.Web.csproj", "{019FEABB-E931-4A59-AFE5-A138A42F328E}"
EndProject
Project("{9A19103F-16F7-4668-BE54-9A1E7A4F7556}") = "Fabula.Data.Seeding", "Fabula.Data.Seeding\Fabula.Data.Seeding.csproj", "{257EC9B4-8173-41B4-8F83-E3D74278BC32}"
EndProject
Project("{9A19103F-16F7-4668-BE54-9A1E7A4F7556}") = "Fabula.Data.Models", "Fabula.Data.Models\Fabula.Data.Models.csproj", "{78D46E1B-0665-466B-A5E7-B8344843D26B}"
EndProject
Project("{2150E333-8FDC-42A3-9474-1A3956D46DE8}") = "Core", "Core", "{305476DC-A300-4E77-B6E0-CD683D6ED5B9}"
EndProject
Project("{9A19103F-16F7-4668-BE54-9A1E7A4F7556}") = "Fabula.Core.Tests", "Fabula.Core.Tests\Fabula.Core.Tests.csproj", "{CF565A58-FFD0-4BC2-ADDF-969AC13FDD84}"
EndProject
Project("{FAE04EC0-301F-11D3-BF4B-00C04F79EFBC}") = "Fabula.Sandbox", "Fabula.Sandbox\Fabula.Sandbox.csproj", "{3518F459-0CD5-4AB8-B96A-6A6E6EF56A59}"
EndProject
Global
	GlobalSection(SolutionConfigurationPlatforms) = preSolution
		Debug|Any CPU = Debug|Any CPU
		Release|Any CPU = Release|Any CPU
	EndGlobalSection
	GlobalSection(ProjectConfigurationPlatforms) = postSolution
		{6BB6C7ED-D1CA-4364-97A3-20DEC398A96F}.Debug|Any CPU.ActiveCfg = Debug|Any CPU
		{6BB6C7ED-D1CA-4364-97A3-20DEC398A96F}.Debug|Any CPU.Build.0 = Debug|Any CPU
		{6BB6C7ED-D1CA-4364-97A3-20DEC398A96F}.Release|Any CPU.ActiveCfg = Release|Any CPU
		{6BB6C7ED-D1CA-4364-97A3-20DEC398A96F}.Release|Any CPU.Build.0 = Release|Any CPU
		{6EFCFB39-18C4-4B41-8A77-ACC2FF0CD74A}.Debug|Any CPU.ActiveCfg = Debug|Any CPU
		{6EFCFB39-18C4-4B41-8A77-ACC2FF0CD74A}.Debug|Any CPU.Build.0 = Debug|Any CPU
		{6EFCFB39-18C4-4B41-8A77-ACC2FF0CD74A}.Release|Any CPU.ActiveCfg = Release|Any CPU
		{6EFCFB39-18C4-4B41-8A77-ACC2FF0CD74A}.Release|Any CPU.Build.0 = Release|Any CPU
		{7FF6C4FD-2705-4471-8E8E-3D1A0672C15E}.Debug|Any CPU.ActiveCfg = Debug|Any CPU
		{7FF6C4FD-2705-4471-8E8E-3D1A0672C15E}.Debug|Any CPU.Build.0 = Debug|Any CPU
		{7FF6C4FD-2705-4471-8E8E-3D1A0672C15E}.Release|Any CPU.ActiveCfg = Release|Any CPU
		{7FF6C4FD-2705-4471-8E8E-3D1A0672C15E}.Release|Any CPU.Build.0 = Release|Any CPU
		{6ADA723F-0270-40E7-B5C5-29FEB6BF87F5}.Debug|Any CPU.ActiveCfg = Debug|Any CPU
		{6ADA723F-0270-40E7-B5C5-29FEB6BF87F5}.Debug|Any CPU.Build.0 = Debug|Any CPU
		{6ADA723F-0270-40E7-B5C5-29FEB6BF87F5}.Release|Any CPU.ActiveCfg = Release|Any CPU
		{6ADA723F-0270-40E7-B5C5-29FEB6BF87F5}.Release|Any CPU.Build.0 = Release|Any CPU
		{1A093EF5-B342-42B8-9CC1-44900204F697}.Debug|Any CPU.ActiveCfg = Debug|Any CPU
		{1A093EF5-B342-42B8-9CC1-44900204F697}.Debug|Any CPU.Build.0 = Debug|Any CPU
		{1A093EF5-B342-42B8-9CC1-44900204F697}.Release|Any CPU.ActiveCfg = Release|Any CPU
		{1A093EF5-B342-42B8-9CC1-44900204F697}.Release|Any CPU.Build.0 = Release|Any CPU
		{019FEABB-E931-4A59-AFE5-A138A42F328E}.Debug|Any CPU.ActiveCfg = Debug|Any CPU
		{019FEABB-E931-4A59-AFE5-A138A42F328E}.Debug|Any CPU.Build.0 = Debug|Any CPU
		{019FEABB-E931-4A59-AFE5-A138A42F328E}.Release|Any CPU.ActiveCfg = Release|Any CPU
		{019FEABB-E931-4A59-AFE5-A138A42F328E}.Release|Any CPU.Build.0 = Release|Any CPU
		{257EC9B4-8173-41B4-8F83-E3D74278BC32}.Debug|Any CPU.ActiveCfg = Debug|Any CPU
		{257EC9B4-8173-41B4-8F83-E3D74278BC32}.Debug|Any CPU.Build.0 = Debug|Any CPU
		{257EC9B4-8173-41B4-8F83-E3D74278BC32}.Release|Any CPU.ActiveCfg = Release|Any CPU
		{257EC9B4-8173-41B4-8F83-E3D74278BC32}.Release|Any CPU.Build.0 = Release|Any CPU
		{78D46E1B-0665-466B-A5E7-B8344843D26B}.Debug|Any CPU.ActiveCfg = Debug|Any CPU
		{78D46E1B-0665-466B-A5E7-B8344843D26B}.Debug|Any CPU.Build.0 = Debug|Any CPU
		{78D46E1B-0665-466B-A5E7-B8344843D26B}.Release|Any CPU.ActiveCfg = Release|Any CPU
		{78D46E1B-0665-466B-A5E7-B8344843D26B}.Release|Any CPU.Build.0 = Release|Any CPU
		{CF565A58-FFD0-4BC2-ADDF-969AC13FDD84}.Debug|Any CPU.ActiveCfg = Debug|Any CPU
		{CF565A58-FFD0-4BC2-ADDF-969AC13FDD84}.Debug|Any CPU.Build.0 = Debug|Any CPU
		{CF565A58-FFD0-4BC2-ADDF-969AC13FDD84}.Release|Any CPU.ActiveCfg = Release|Any CPU
		{CF565A58-FFD0-4BC2-ADDF-969AC13FDD84}.Release|Any CPU.Build.0 = Release|Any CPU
		{3518F459-0CD5-4AB8-B96A-6A6E6EF56A59}.Debug|Any CPU.ActiveCfg = Debug|Any CPU
		{3518F459-0CD5-4AB8-B96A-6A6E6EF56A59}.Debug|Any CPU.Build.0 = Debug|Any CPU
		{3518F459-0CD5-4AB8-B96A-6A6E6EF56A59}.Release|Any CPU.ActiveCfg = Release|Any CPU
		{3518F459-0CD5-4AB8-B96A-6A6E6EF56A59}.Release|Any CPU.Build.0 = Release|Any CPU
	EndGlobalSection
	GlobalSection(SolutionProperties) = preSolution
		HideSolutionNode = FALSE
	EndGlobalSection
	GlobalSection(NestedProjects) = preSolution
		{6BB6C7ED-D1CA-4364-97A3-20DEC398A96F} = {305476DC-A300-4E77-B6E0-CD683D6ED5B9}
		{7FF6C4FD-2705-4471-8E8E-3D1A0672C15E} = {6E0695D6-C3F6-4256-92C2-C9661B2433C5}
		{6ADA723F-0270-40E7-B5C5-29FEB6BF87F5} = {610A9A68-CCCA-42D6-8D59-60B3B5E44278}
		{1A093EF5-B342-42B8-9CC1-44900204F697} = {610A9A68-CCCA-42D6-8D59-60B3B5E44278}
		{019FEABB-E931-4A59-AFE5-A138A42F328E} = {610A9A68-CCCA-42D6-8D59-60B3B5E44278}
		{257EC9B4-8173-41B4-8F83-E3D74278BC32} = {6E0695D6-C3F6-4256-92C2-C9661B2433C5}
		{78D46E1B-0665-466B-A5E7-B8344843D26B} = {6E0695D6-C3F6-4256-92C2-C9661B2433C5}
		{CF565A58-FFD0-4BC2-ADDF-969AC13FDD84} = {305476DC-A300-4E77-B6E0-CD683D6ED5B9}
	EndGlobalSection
	GlobalSection(ExtensibilityGlobals) = postSolution
		SolutionGuid = {AC52624A-45C9-4ED1-8E74-B5F3B179F8C9}
	EndGlobalSection
EndGlobal
